
Microsoft Visual Studio Solution File, Format Version 12.00
# Visual Studio 15
VisualStudioVersion = 15.0.28307.329
MinimumVisualStudioVersion = 10.0.40219.1
Project("{FAE04EC0-301F-11D3-BF4B-00C04F79EFBC}") = "WebAPI", "WebAPI\WebAPI.csproj", "{B8EE6BE5-3C18-47F7-851C-018F5FC57F80}"
EndProject
Global
	GlobalSection(SolutionConfigurationPlatforms) = preSolution
		Debug|Any CPU = Debug|Any CPU
		Release|Any CPU = Release|Any CPU
	EndGlobalSection
	GlobalSection(ProjectConfigurationPlatforms) = postSolution
		{B8EE6BE5-3C18-47F7-851C-018F5FC57F80}.Debug|Any CPU.ActiveCfg = Debug|Any CPU
		{B8EE6BE5-3C18-47F7-851C-018F5FC57F80}.Debug|Any CPU.Build.0 = Debug|Any CPU
		{B8EE6BE5-3C18-47F7-851C-018F5FC57F80}.Release|Any CPU.ActiveCfg = Release|Any CPU
		{B8EE6BE5-3C18-47F7-851C-018F5FC57F80}.Release|Any CPU.Build.0 = Release|Any CPU
	EndGlobalSection
	GlobalSection(SolutionProperties) = preSolution
		HideSolutionNode = FALSE
	EndGlobalSection
	GlobalSection(ExtensibilityGlobals) = postSolution
		SolutionGuid = {72C39ECB-042D-4CC3-A6DF-1916F6AF1724}
	EndGlobalSection
EndGlobal
